
Microsoft Visual Studio Solution File, Format Version 12.00
# Visual Studio Version 16
VisualStudioVersion = 16.0.30413.136
MinimumVisualStudioVersion = 10.0.40219.1
Project("{FAE04EC0-301F-11D3-BF4B-00C04F79EFBC}") = "Stranici.Android", "Stranici\Stranici.Android\Stranici.Android.csproj", "{C05C03F4-A0E8-429E-8B0E-E34EE70ADD36}"
EndProject
Project("{9A19103F-16F7-4668-BE54-9A1E7A4F7556}") = "Stranici", "Stranici\Stranici\Stranici.csproj", "{DD95CDA1-D9DC-407C-8B6C-04B77D560D62}"
EndProject
Global
	GlobalSection(SolutionConfigurationPlatforms) = preSolution
		Debug|Any CPU = Debug|Any CPU
		Debug|iPhone = Debug|iPhone
		Debug|iPhoneSimulator = Debug|iPhoneSimulator
		Release|Any CPU = Release|Any CPU
		Release|iPhone = Release|iPhone
		Release|iPhoneSimulator = Release|iPhoneSimulator
	EndGlobalSection
	GlobalSection(ProjectConfigurationPlatforms) = postSolution
		{C05C03F4-A0E8-429E-8B0E-E34EE70ADD36}.Debug|Any CPU.ActiveCfg = Debug|Any CPU
		{C05C03F4-A0E8-429E-8B0E-E34EE70ADD36}.Debug|Any CPU.Build.0 = Debug|Any CPU
		{C05C03F4-A0E8-429E-8B0E-E34EE70ADD36}.Debug|Any CPU.Deploy.0 = Debug|Any CPU
		{C05C03F4-A0E8-429E-8B0E-E34EE70ADD36}.Debug|iPhone.ActiveCfg = Debug|Any CPU
		{C05C03F4-A0E8-429E-8B0E-E34EE70ADD36}.Debug|iPhone.Build.0 = Debug|Any CPU
		{C05C03F4-A0E8-429E-8B0E-E34EE70ADD36}.Debug|iPhone.Deploy.0 = Debug|Any CPU
		{C05C03F4-A0E8-429E-8B0E-E34EE70ADD36}.Debug|iPhoneSimulator.ActiveCfg = Debug|Any CPU
		{C05C03F4-A0E8-429E-8B0E-E34EE70ADD36}.Debug|iPhoneSimulator.Build.0 = Debug|Any CPU
		{C05C03F4-A0E8-429E-8B0E-E34EE70ADD36}.Debug|iPhoneSimulator.Deploy.0 = Debug|Any CPU
		{C05C03F4-A0E8-429E-8B0E-E34EE70ADD36}.Release|Any CPU.ActiveCfg = Release|Any CPU
		{C05C03F4-A0E8-429E-8B0E-E34EE70ADD36}.Release|Any CPU.Build.0 = Release|Any CPU
		{C05C03F4-A0E8-429E-8B0E-E34EE70ADD36}.Release|Any CPU.Deploy.0 = Release|Any CPU
		{C05C03F4-A0E8-429E-8B0E-E34EE70ADD36}.Release|iPhone.ActiveCfg = Release|Any CPU
		{C05C03F4-A0E8-429E-8B0E-E34EE70ADD36}.Release|iPhone.Build.0 = Release|Any CPU
		{C05C03F4-A0E8-429E-8B0E-E34EE70ADD36}.Release|iPhone.Deploy.0 = Release|Any CPU
		{C05C03F4-A0E8-429E-8B0E-E34EE70ADD36}.Release|iPhoneSimulator.ActiveCfg = Release|Any CPU
		{C05C03F4-A0E8-429E-8B0E-E34EE70ADD36}.Release|iPhoneSimulator.Build.0 = Release|Any CPU
		{C05C03F4-A0E8-429E-8B0E-E34EE70ADD36}.Release|iPhoneSimulator.Deploy.0 = Release|Any CPU
		{DD95CDA1-D9DC-407C-8B6C-04B77D560D62}.Debug|Any CPU.ActiveCfg = Debug|Any CPU
		{DD95CDA1-D9DC-407C-8B6C-04B77D560D62}.Debug|Any CPU.Build.0 = Debug|Any CPU
		{DD95CDA1-D9DC-407C-8B6C-04B77D560D62}.Debug|Any CPU.Deploy.0 = Debug|Any CPU
		{DD95CDA1-D9DC-407C-8B6C-04B77D560D62}.Debug|iPhone.ActiveCfg = Debug|Any CPU
		{DD95CDA1-D9DC-407C-8B6C-04B77D560D62}.Debug|iPhone.Build.0 = Debug|Any CPU
		{DD95CDA1-D9DC-407C-8B6C-04B77D560D62}.Debug|iPhone.Deploy.0 = Debug|Any CPU
		{DD95CDA1-D9DC-407C-8B6C-04B77D560D62}.Debug|iPhoneSimulator.ActiveCfg = Debug|Any CPU
		{DD95CDA1-D9DC-407C-8B6C-04B77D560D62}.Debug|iPhoneSimulator.Build.0 = Debug|Any CPU
		{DD95CDA1-D9DC-407C-8B6C-04B77D560D62}.Debug|iPhoneSimulator.Deploy.0 = Debug|Any CPU
		{DD95CDA1-D9DC-407C-8B6C-04B77D560D62}.Release|Any CPU.ActiveCfg = Release|Any CPU
		{DD95CDA1-D9DC-407C-8B6C-04B77D560D62}.Release|Any CPU.Build.0 = Release|Any CPU
		{DD95CDA1-D9DC-407C-8B6C-04B77D560D62}.Release|Any CPU.Deploy.0 = Release|Any CPU
		{DD95CDA1-D9DC-407C-8B6C-04B77D560D62}.Release|iPhone.ActiveCfg = Release|Any CPU
		{DD95CDA1-D9DC-407C-8B6C-04B77D560D62}.Release|iPhone.Build.0 = Release|Any CPU
		{DD95CDA1-D9DC-407C-8B6C-04B77D560D62}.Release|iPhone.Deploy.0 = Release|Any CPU
		{DD95CDA1-D9DC-407C-8B6C-04B77D560D62}.Release|iPhoneSimulator.ActiveCfg = Release|Any CPU
		{DD95CDA1-D9DC-407C-8B6C-04B77D560D62}.Release|iPhoneSimulator.Build.0 = Release|Any CPU
		{DD95CDA1-D9DC-407C-8B6C-04B77D560D62}.Release|iPhoneSimulator.Deploy.0 = Release|Any CPU
	EndGlobalSection
	GlobalSection(SolutionProperties) = preSolution
		HideSolutionNode = FALSE
	EndGlobalSection
	GlobalSection(ExtensibilityGlobals) = postSolution
		SolutionGuid = {5F2C4525-4788-4072-8FFC-48097D6B2B74}
	EndGlobalSection
EndGlobal
